
Microsoft Visual Studio Solution File, Format Version 12.00
# Visual Studio Version 16
VisualStudioVersion = 16.0.31129.286
MinimumVisualStudioVersion = 10.0.40219.1
Project("{FAE04EC0-301F-11D3-BF4B-00C04F79EFBC}") = "Gestão de gasto", "Gestão de gasto.csproj", "{552903ED-EF79-4D93-804A-2425B0C21C0C}"
EndProject
Project("{FAE04EC0-301F-11D3-BF4B-00C04F79EFBC}") = "Gestão de gasto.Tests", "..\Gestão de gasto.Tests\Gestão de gasto.Tests.csproj", "{821A51EE-E7CE-4DE5-BC46-4D8D054165C1}"
EndProject
Global
	GlobalSection(SolutionConfigurationPlatforms) = preSolution
		Debug|Any CPU = Debug|Any CPU
		Release|Any CPU = Release|Any CPU
	EndGlobalSection
	GlobalSection(ProjectConfigurationPlatforms) = postSolution
		{552903ED-EF79-4D93-804A-2425B0C21C0C}.Debug|Any CPU.ActiveCfg = Debug|Any CPU
		{552903ED-EF79-4D93-804A-2425B0C21C0C}.Debug|Any CPU.Build.0 = Debug|Any CPU
		{552903ED-EF79-4D93-804A-2425B0C21C0C}.Release|Any CPU.ActiveCfg = Release|Any CPU
		{552903ED-EF79-4D93-804A-2425B0C21C0C}.Release|Any CPU.Build.0 = Release|Any CPU
		{821A51EE-E7CE-4DE5-BC46-4D8D054165C1}.Debug|Any CPU.ActiveCfg = Debug|Any CPU
		{821A51EE-E7CE-4DE5-BC46-4D8D054165C1}.Debug|Any CPU.Build.0 = Debug|Any CPU
		{821A51EE-E7CE-4DE5-BC46-4D8D054165C1}.Release|Any CPU.ActiveCfg = Release|Any CPU
		{821A51EE-E7CE-4DE5-BC46-4D8D054165C1}.Release|Any CPU.Build.0 = Release|Any CPU
	EndGlobalSection
	GlobalSection(SolutionProperties) = preSolution
		HideSolutionNode = FALSE
	EndGlobalSection
	GlobalSection(ExtensibilityGlobals) = postSolution
		SolutionGuid = {32AC505C-5D7C-4C6B-BF21-22AA801DF313}
	EndGlobalSection
EndGlobal
